<?xml version="1.0" encoding="utf-8"?>
<Project ToolsVersion="4.0" xmlns="http://schemas.microsoft.com/developer/msbuild/2003">
  <ItemGroup>
    <None Include="..\examples\kombine.csx" />
    <None Include="clang\clang.build.csx" />
    <None Include="clang\clang.gendoc.csx" />
    <None Include="clang\dll\mydll.csx" />
    <None Include="msys2\msys2.build.csx" />
    <None Include="msys2\msys2.packages.csx" />
    <None Include="sdl2\sdl2.csx" />
    <None Include="clang\lib\mylib.csx" />
    <None Include="clang\exe\mybin.csx" />
    <None Include="00.base\mkb.admin.csx" />
    <None Include="00.base\mkb.version.csx" />
    <None Include="01.simple\mkb.simple.csx" />
    <None Include="02.types\mkb.types.csx" />
    <None Include="03.child\mkb.child.csx" />
    <None Include="03.child\child02\child02.csx" />
    <None Include="03.child\child01\child01.csx" />
    <None Include="03.child\child01\subchild01.csx" />
    <None Include="06.extensions\04.bin2cpp\mkb.ext.bin2cpp.csx" />
    <None Include="06.extensions\04.bin2cpp\res\readme.md" />
    <None Include="06.extensions\04.bin2cpp\src\readme.md" />
    <None Include="06.extensions\04.bin2cpp\res\arrow.down.svg" />
    <None Include="06.extensions\04.bin2cpp\res\arrow.left.svg" />
    <None Include="06.extensions\04.bin2cpp\res\arrow.right.svg" />
    <None Include="06.extensions\04.bin2cpp\res\arrow.up.svg" />
    <None Include="06.extensions\04.bin2cpp\res\folders\folder-close.svg" />
    <None Include="06.extensions\04.bin2cpp\res\folders\folder-open.svg" />
    <None Include="04.folders\mkb.folders.csx" />
    <None Include="04.folders\test.files\test.tar.xz" />
    <None Include="05.network\mkb.network.csx" />
    <None Include="06.extensions\05.bin2obj\mkb.ext.bin2obj.csx" />
    <None Include="06.extensions\05.bin2obj\res\arrow.down.svg" />
    <None Include="06.extensions\05.bin2obj\res\arrow.left.svg" />
    <None Include="06.extensions\05.bin2obj\res\arrow.right.svg" />
    <None Include="06.extensions\05.bin2obj\res\arrow.up.svg" />
    <None Include="06.extensions\05.bin2obj\res\folders\folder-close.svg" />
    <None Include="06.extensions\05.bin2obj\res\folders\folder-open.svg" />
    <None Include="06.extensions\04.bin2cpp\mybin.csx" />
    <None Include="06.extensions\05.bin2obj\mybin.csx" />
  </ItemGroup>
  <ItemGroup>
    <ClCompile Include="06.extensions\04.bin2cpp\src\main.cpp" />
    <ClCompile Include="06.extensions\05.bin2obj\src\main.cpp" />
  </ItemGroup>
</Project>